{
  "version": 4,
  "terraform_version": "1.3.2",
  "serial": 151,
  "lineage": "c7bff5a6-40cb-a059-616b-6cb634b5c8c3",
  "outputs": {
    "cloudrun_url": {
      "value": "https://cloud-run-service-vi5s7lyf2q-ew.a.run.app",
      "type": "string"
    },
    "gateway_url": {
      "value": "api-gw-86xlm92k.ew.gateway.dev",
      "type": "string"
    },
    "lb-url": {
      "value": "34.107.181.127",
      "type": "string"
    },
    "service_account_email": {
      "value": "cloud-run-invoker@lb-apig-cr-test.iam.gserviceaccount.com",
      "type": "string"
    }
  },
  "resources": [
    {
      "mode": "data",
      "type": "google_iam_policy",
      "name": "cr_invoker",
      "provider": "provider[\"registry.terraform.io/hashicorp/google\"]",
      "instances": [
        {
          "schema_version": 0,
          "attributes": {
            "audit_config": null,
            "binding": [
              {
                "condition": [],
                "members": [
                  "serviceAccount:cloud-run-invoker@lb-apig-cr-test.iam.gserviceaccount.com"
                ],
                "role": "roles/run.invoker"
              }
            ],
            "id": "1921482172",
            "policy_data": "{\"bindings\":[{\"members\":[\"serviceAccount:cloud-run-invoker@lb-apig-cr-test.iam.gserviceaccount.com\"],\"role\":\"roles/run.invoker\"}]}"
          },
          "sensitive_attributes": []
        }
      ]
    },
    {
      "mode": "managed",
      "type": "google_api_gateway_api",
      "name": "api_gw",
      "provider": "provider[\"registry.terraform.io/hashicorp/google-beta\"]",
      "instances": [
        {
          "schema_version": 0,
          "attributes": {
            "api_id": "api-gw",
            "create_time": "2022-10-25T00:16:25.043473737Z",
            "display_name": "The API Gateway",
            "id": "projects/lb-apig-cr-test/locations/global/apis/api-gw",
            "labels": {},
            "managed_service": "api-gw-15sufi4kh1dkz.apigateway.lb-apig-cr-test.cloud.goog",
            "name": "projects/lb-apig-cr-test/locations/global/apis/api-gw",
            "project": "lb-apig-cr-test",
            "timeouts": null
          },
          "sensitive_attributes": [],
          "private": "eyJlMmJmYjczMC1lY2FhLTExZTYtOGY4OC0zNDM2M2JjN2M0YzAiOnsiY3JlYXRlIjoxMjAwMDAwMDAwMDAwLCJkZWxldGUiOjEyMDAwMDAwMDAwMDAsInVwZGF0ZSI6MTIwMDAwMDAwMDAwMH19",
          "create_before_destroy": true
        }
      ]
    },
    {
      "mode": "managed",
      "type": "google_api_gateway_api_config",
      "name": "api_gw",
      "provider": "provider[\"registry.terraform.io/hashicorp/google-beta\"]",
      "instances": [
        {
          "schema_version": 0,
          "attributes": {
            "api": "api-gw",
            "api_config_id": "config",
            "api_config_id_prefix": null,
            "display_name": "config",
            "gateway_config": [
              {
                "backend_config": [
                  {
                    "google_service_account": "cloud-run-invoker@lb-apig-cr-test.iam.gserviceaccount.com"
                  }
                ]
              }
            ],
            "grpc_services": [],
            "id": "projects/lb-apig-cr-test/locations/global/apis/api-gw/configs/config",
            "labels": {},
            "managed_service_configs": [],
            "name": "projects/642005700716/locations/global/apis/api-gw/configs/config",
            "openapi_documents": [
              {
                "document": [
                  {
                    "contents": "c3dhZ2dlcjogJzIuMCcKaW5mbzoKICB0aXRsZTogYXBpLWdhdGV3YXkKICBkZXNjcmlwdGlvbjogQVBJIEdhdGV3YXkKICB2ZXJzaW9uOiAxLjAuMApzY2hlbWVzOgogIC0gaHR0cHMKcHJvZHVjZXM6CiAgLSBhcHBsaWNhdGlvbi9qc29uCnBhdGhzOgogIC86CiAgICBnZXQ6CiAgICAgIHN1bW1hcnk6IEhpIFNlcnZpY2UKICAgICAgb3BlcmF0aW9uSWQ6IGhlbGxvLXYxCiAgICAgIHgtZ29vZ2xlLWJhY2tlbmQ6CiAgICAgICAgYWRkcmVzczogaHR0cHM6Ly9jbG91ZC1ydW4tc2VydmljZS12aTVzN2x5ZjJxLWV3LmEucnVuLmFwcCAKICAgICAgcmVzcG9uc2VzOgogICAgICAgICcyMDAnOgogICAgICAgICAgZGVzY3JpcHRpb246IE9LCg==",
                    "path": "spec.yaml"
                  }
                ]
              }
            ],
            "project": "lb-apig-cr-test",
            "service_config_id": "config-1fc3fxqi2jy51",
            "timeouts": null
          },
          "sensitive_attributes": [],
          "private": "eyJlMmJmYjczMC1lY2FhLTExZTYtOGY4OC0zNDM2M2JjN2M0YzAiOnsiY3JlYXRlIjoxMjAwMDAwMDAwMDAwLCJkZWxldGUiOjEyMDAwMDAwMDAwMDAsInVwZGF0ZSI6MTIwMDAwMDAwMDAwMH19",
          "dependencies": [
            "google_api_gateway_api.api_gw",
            "google_service_account.sa"
          ],
          "create_before_destroy": true
        }
      ]
    },
    {
      "mode": "managed",
      "type": "google_api_gateway_gateway",
      "name": "api_gw",
      "provider": "provider[\"registry.terraform.io/hashicorp/google-beta\"]",
      "instances": [
        {
          "schema_version": 0,
          "attributes": {
            "api_config": "projects/642005700716/locations/global/apis/api-gw/configs/config",
            "default_hostname": "api-gw-86xlm92k.ew.gateway.dev",
            "display_name": "api-gw",
            "gateway_id": "api-gw",
            "id": "projects/lb-apig-cr-test/locations/europe-west1/gateways/api-gw",
            "labels": {},
            "name": "projects/lb-apig-cr-test/locations/europe-west1/gateways/api-gw",
            "project": "lb-apig-cr-test",
            "region": null,
            "timeouts": null
          },
          "sensitive_attributes": [],
          "private": "eyJlMmJmYjczMC1lY2FhLTExZTYtOGY4OC0zNDM2M2JjN2M0YzAiOnsiY3JlYXRlIjoxMjAwMDAwMDAwMDAwLCJkZWxldGUiOjEyMDAwMDAwMDAwMDAsInVwZGF0ZSI6MTIwMDAwMDAwMDAwMH19",
          "dependencies": [
            "google_api_gateway_api.api_gw",
            "google_api_gateway_api_config.api_gw",
            "google_service_account.sa"
          ]
        }
      ]
    },
    {
      "mode": "managed",
      "type": "google_cloud_run_service",
      "name": "default",
      "provider": "provider[\"registry.terraform.io/hashicorp/google\"]",
      "instances": [
        {
          "schema_version": 1,
          "attributes": {
            "autogenerate_revision_name": false,
            "id": "locations/europe-west1/namespaces/lb-apig-cr-test/services/cloud-run-service",
            "location": "europe-west1",
            "metadata": [
              {
                "annotations": {
                  "run.googleapis.com/ingress": "all",
                  "run.googleapis.com/ingress-status": "all",
                  "serving.knative.dev/creator": "sdkiselev1812@gmail.com",
                  "serving.knative.dev/lastModifier": "sdkiselev1812@gmail.com"
                },
                "generation": 1,
                "labels": {
                  "cloud.googleapis.com/location": "europe-west1"
                },
                "namespace": "lb-apig-cr-test",
                "resource_version": "AAXr0ISQfSE",
                "self_link": "/apis/serving.knative.dev/v1/namespaces/642005700716/services/cloud-run-service",
                "uid": "201f6573-9f63-4076-a966-3747e4e467d6"
              }
            ],
            "name": "cloud-run-service",
            "project": "lb-apig-cr-test",
            "status": [
              {
                "conditions": [
                  {
                    "message": "",
                    "reason": "",
                    "status": "True",
                    "type": "Ready"
                  },
                  {
                    "message": "",
                    "reason": "",
                    "status": "True",
                    "type": "ConfigurationsReady"
                  },
                  {
                    "message": "",
                    "reason": "",
                    "status": "True",
                    "type": "RoutesReady"
                  }
                ],
                "latest_created_revision_name": "cloud-run-service-f6hnc",
                "latest_ready_revision_name": "cloud-run-service-f6hnc",
                "observed_generation": 1,
                "url": "https://cloud-run-service-vi5s7lyf2q-ew.a.run.app"
              }
            ],
            "template": [
              {
                "metadata": [
                  {
                    "annotations": {
                      "autoscaling.knative.dev/maxScale": "100"
                    },
                    "generation": 0,
                    "labels": {},
                    "name": "",
                    "namespace": "",
                    "resource_version": "",
                    "self_link": "",
                    "uid": ""
                  }
                ],
                "spec": [
                  {
                    "container_concurrency": 80,
                    "containers": [
                      {
                        "args": [],
                        "command": [],
                        "env": [],
                        "env_from": [],
                        "image": "europe-west4-docker.pkg.dev/lb-apig-cr-test/image/hello-app",
                        "ports": [
                          {
                            "container_port": 8080,
                            "name": "http1",
                            "protocol": ""
                          }
                        ],
                        "resources": [
                          {
                            "limits": {
                              "cpu": "1000m",
                              "memory": "512Mi"
                            },
                            "requests": {}
                          }
                        ],
                        "volume_mounts": [],
                        "working_dir": ""
                      }
                    ],
                    "service_account_name": "642005700716-compute@developer.gserviceaccount.com",
                    "serving_state": "",
                    "timeout_seconds": 300,
                    "volumes": []
                  }
                ]
              }
            ],
            "timeouts": null,
            "traffic": [
              {
                "latest_revision": true,
                "percent": 100,
                "revision_name": "",
                "tag": "",
                "url": ""
              }
            ]
          },
          "sensitive_attributes": [],
          "private": "eyJlMmJmYjczMC1lY2FhLTExZTYtOGY4OC0zNDM2M2JjN2M0YzAiOnsiY3JlYXRlIjoxMjAwMDAwMDAwMDAwLCJkZWxldGUiOjEyMDAwMDAwMDAwMDAsInVwZGF0ZSI6MTIwMDAwMDAwMDAwMH0sInNjaGVtYV92ZXJzaW9uIjoiMSJ9",
          "dependencies": [
            "google_project_service.cloud_run_api"
          ]
        }
      ]
    },
    {
      "mode": "managed",
      "type": "google_cloud_run_service_iam_policy",
      "name": "policy",
      "provider": "provider[\"registry.terraform.io/hashicorp/google\"]",
      "instances": [
        {
          "schema_version": 0,
          "attributes": {
            "etag": "BwXr0JnInzM=",
            "id": "v1/projects/lb-apig-cr-test/locations/europe-west1/services/cloud-run-service",
            "location": "europe-west1",
            "policy_data": "{\"bindings\":[{\"members\":[\"serviceAccount:cloud-run-invoker@lb-apig-cr-test.iam.gserviceaccount.com\"],\"role\":\"roles/run.invoker\"}]}",
            "project": "lb-apig-cr-test",
            "service": "v1/projects/lb-apig-cr-test/locations/europe-west1/services/cloud-run-service"
          },
          "sensitive_attributes": [],
          "private": "bnVsbA==",
          "dependencies": [
            "data.google_iam_policy.cr_invoker",
            "google_cloud_run_service.default",
            "google_project_service.cloud_run_api"
          ]
        }
      ]
    },
    {
      "mode": "managed",
      "type": "google_compute_region_network_endpoint_group",
      "name": "neg",
      "provider": "provider[\"registry.terraform.io/hashicorp/google-beta\"]",
      "instances": [
        {
          "schema_version": 0,
          "attributes": {
            "app_engine": [],
            "cloud_function": [],
            "cloud_run": [],
            "description": "",
            "id": "projects/lb-apig-cr-test/regions/europe-west1/networkEndpointGroups/apig-neg",
            "name": "apig-neg",
            "network": "",
            "network_endpoint_type": "SERVERLESS",
            "project": "lb-apig-cr-test",
            "psc_target_service": "",
            "region": "https://www.googleapis.com/compute/v1/projects/lb-apig-cr-test/regions/europe-west1",
            "self_link": "https://www.googleapis.com/compute/v1/projects/lb-apig-cr-test/regions/europe-west1/networkEndpointGroups/apig-neg",
            "serverless_deployment": [
              {
                "platform": "apigateway.googleapis.com",
                "resource": "api-gw",
                "url_mask": "",
                "version": ""
              }
            ],
            "subnetwork": "",
            "timeouts": null
          },
          "sensitive_attributes": [],
          "private": "eyJlMmJmYjczMC1lY2FhLTExZTYtOGY4OC0zNDM2M2JjN2M0YzAiOnsiY3JlYXRlIjoxMjAwMDAwMDAwMDAwLCJkZWxldGUiOjEyMDAwMDAwMDAwMDB9fQ=="
        }
      ]
    },
    {
      "mode": "managed",
      "type": "google_project_service",
      "name": "cloud_run_api",
      "provider": "provider[\"registry.terraform.io/hashicorp/google\"]",
      "instances": [
        {
          "schema_version": 0,
          "attributes": {
            "disable_dependent_services": null,
            "disable_on_destroy": true,
            "id": "lb-apig-cr-test/run.googleapis.com",
            "project": "lb-apig-cr-test",
            "service": "run.googleapis.com",
            "timeouts": null
          },
          "sensitive_attributes": [],
          "private": "eyJlMmJmYjczMC1lY2FhLTExZTYtOGY4OC0zNDM2M2JjN2M0YzAiOnsiY3JlYXRlIjoxMjAwMDAwMDAwMDAwLCJkZWxldGUiOjEyMDAwMDAwMDAwMDAsInJlYWQiOjYwMDAwMDAwMDAwMCwidXBkYXRlIjoxMjAwMDAwMDAwMDAwfX0="
        }
      ]
    },
    {
      "mode": "managed",
      "type": "google_service_account",
      "name": "sa",
      "provider": "provider[\"registry.terraform.io/hashicorp/google\"]",
      "instances": [
        {
          "schema_version": 0,
          "attributes": {
            "account_id": "cloud-run-invoker",
            "description": "",
            "disabled": false,
            "display_name": "Cloud Run Invoker",
            "email": "cloud-run-invoker@lb-apig-cr-test.iam.gserviceaccount.com",
            "id": "projects/lb-apig-cr-test/serviceAccounts/cloud-run-invoker@lb-apig-cr-test.iam.gserviceaccount.com",
            "name": "projects/lb-apig-cr-test/serviceAccounts/cloud-run-invoker@lb-apig-cr-test.iam.gserviceaccount.com",
            "project": "lb-apig-cr-test",
            "timeouts": null,
            "unique_id": "109622473081952132711"
          },
          "sensitive_attributes": [],
          "private": "eyJlMmJmYjczMC1lY2FhLTExZTYtOGY4OC0zNDM2M2JjN2M0YzAiOnsiY3JlYXRlIjozMDAwMDAwMDAwMDB9fQ==",
          "create_before_destroy": true
        }
      ]
    },
    {
      "module": "module.lb-http",
      "mode": "managed",
      "type": "google_compute_backend_service",
      "name": "default",
      "provider": "provider[\"registry.terraform.io/hashicorp/google-beta\"]",
      "instances": [
        {
          "index_key": "default",
          "schema_version": 1,
          "attributes": {
            "affinity_cookie_ttl_sec": 0,
            "backend": [
              {
                "balancing_mode": "UTILIZATION",
                "capacity_scaler": 1,
                "description": "",
                "group": "https://www.googleapis.com/compute/v1/projects/lb-apig-cr-test/regions/europe-west1/networkEndpointGroups/apig-neg",
                "max_connections": 0,
                "max_connections_per_endpoint": 0,
                "max_connections_per_instance": 0,
                "max_rate": 0,
                "max_rate_per_endpoint": 0,
                "max_rate_per_instance": 0,
                "max_utilization": 0
              }
            ],
            "cdn_policy": [],
            "circuit_breakers": [],
            "compression_mode": "",
            "connection_draining_timeout_sec": 300,
            "consistent_hash": [],
            "creation_timestamp": "2022-10-24T18:33:08.762-07:00",
            "custom_request_headers": [],
            "custom_response_headers": [],
            "description": "",
            "enable_cdn": false,
            "fingerprint": "iGAnl2Z9Cdc=",
            "health_checks": [],
            "iap": [],
            "id": "projects/lb-apig-cr-test/global/backendServices/my-lb-backend-default",
            "load_balancing_scheme": "EXTERNAL",
            "locality_lb_policy": "",
            "log_config": [],
            "name": "my-lb-backend-default",
            "outlier_detection": [],
            "port_name": "http",
            "project": "lb-apig-cr-test",
            "protocol": "HTTP",
            "security_policy": "",
            "security_settings": [],
            "self_link": "https://www.googleapis.com/compute/v1/projects/lb-apig-cr-test/global/backendServices/my-lb-backend-default",
            "session_affinity": "NONE",
            "timeout_sec": 30,
            "timeouts": null
          },
          "sensitive_attributes": [],
          "private": "eyJlMmJmYjczMC1lY2FhLTExZTYtOGY4OC0zNDM2M2JjN2M0YzAiOnsiY3JlYXRlIjoxMjAwMDAwMDAwMDAwLCJkZWxldGUiOjEyMDAwMDAwMDAwMDAsInVwZGF0ZSI6MTIwMDAwMDAwMDAwMH0sInNjaGVtYV92ZXJzaW9uIjoiMSJ9",
          "dependencies": [
            "google_compute_region_network_endpoint_group.neg"
          ]
        }
      ]
    },
    {
      "module": "module.lb-http",
      "mode": "managed",
      "type": "google_compute_global_address",
      "name": "default",
      "provider": "provider[\"registry.terraform.io/hashicorp/google-beta\"]",
      "instances": [
        {
          "index_key": 0,
          "schema_version": 0,
          "attributes": {
            "address": "34.107.181.127",
            "address_type": "EXTERNAL",
            "creation_timestamp": "2022-10-24T18:33:07.950-07:00",
            "description": "",
            "id": "projects/lb-apig-cr-test/global/addresses/my-lb-address",
            "ip_version": "",
            "label_fingerprint": "42WmSpB8rSM=",
            "labels": {},
            "name": "my-lb-address",
            "network": "",
            "prefix_length": 0,
            "project": "lb-apig-cr-test",
            "purpose": "",
            "self_link": "https://www.googleapis.com/compute/v1/projects/lb-apig-cr-test/global/addresses/my-lb-address",
            "timeouts": null
          },
          "sensitive_attributes": [],
          "private": "eyJlMmJmYjczMC1lY2FhLTExZTYtOGY4OC0zNDM2M2JjN2M0YzAiOnsiY3JlYXRlIjoxMjAwMDAwMDAwMDAwLCJkZWxldGUiOjEyMDAwMDAwMDAwMDAsInVwZGF0ZSI6MTIwMDAwMDAwMDAwMH19"
        }
      ]
    },
    {
      "module": "module.lb-http",
      "mode": "managed",
      "type": "google_compute_global_forwarding_rule",
      "name": "http",
      "provider": "provider[\"registry.terraform.io/hashicorp/google-beta\"]",
      "instances": [
        {
          "index_key": 0,
          "schema_version": 0,
          "attributes": {
            "description": "",
            "id": "projects/lb-apig-cr-test/global/forwardingRules/my-lb",
            "ip_address": "34.107.181.127",
            "ip_protocol": "TCP",
            "ip_version": "",
            "label_fingerprint": "42WmSpB8rSM=",
            "labels": {},
            "load_balancing_scheme": "EXTERNAL",
            "metadata_filters": [],
            "name": "my-lb",
            "network": "",
            "port_range": "80",
            "project": "lb-apig-cr-test",
            "psc_connection_id": "",
            "psc_connection_status": "",
            "self_link": "https://www.googleapis.com/compute/beta/projects/lb-apig-cr-test/global/forwardingRules/my-lb",
            "target": "https://www.googleapis.com/compute/v1/projects/lb-apig-cr-test/global/targetHttpProxies/my-lb-http-proxy",
            "timeouts": null
          },
          "sensitive_attributes": [],
          "private": "eyJlMmJmYjczMC1lY2FhLTExZTYtOGY4OC0zNDM2M2JjN2M0YzAiOnsiY3JlYXRlIjoxMjAwMDAwMDAwMDAwLCJkZWxldGUiOjEyMDAwMDAwMDAwMDAsInVwZGF0ZSI6MTIwMDAwMDAwMDAwMH19",
          "dependencies": [
            "google_compute_region_network_endpoint_group.neg",
            "module.lb-http.google_compute_backend_service.default",
            "module.lb-http.google_compute_global_address.default",
            "module.lb-http.google_compute_target_http_proxy.default",
            "module.lb-http.google_compute_url_map.default",
            "module.lb-http.google_compute_url_map.https_redirect"
          ]
        }
      ]
    },
    {
      "module": "module.lb-http",
      "mode": "managed",
      "type": "google_compute_global_forwarding_rule",
      "name": "https",
      "provider": "provider[\"registry.terraform.io/hashicorp/google-beta\"]",
      "instances": [
        {
          "index_key": 0,
          "schema_version": 0,
          "attributes": {
            "description": "",
            "id": "projects/lb-apig-cr-test/global/forwardingRules/my-lb-https",
            "ip_address": "34.107.181.127",
            "ip_protocol": "TCP",
            "ip_version": "",
            "label_fingerprint": "42WmSpB8rSM=",
            "labels": null,
            "load_balancing_scheme": "EXTERNAL",
            "metadata_filters": [],
            "name": "my-lb-https",
            "network": "",
            "port_range": "443",
            "project": "lb-apig-cr-test",
            "psc_connection_id": "",
            "psc_connection_status": "",
            "self_link": "https://www.googleapis.com/compute/beta/projects/lb-apig-cr-test/global/forwardingRules/my-lb-https",
            "target": "https://www.googleapis.com/compute/v1/projects/lb-apig-cr-test/global/targetHttpsProxies/my-lb-https-proxy",
            "timeouts": null
          },
          "sensitive_attributes": [],
          "private": "eyJlMmJmYjczMC1lY2FhLTExZTYtOGY4OC0zNDM2M2JjN2M0YzAiOnsiY3JlYXRlIjoxMjAwMDAwMDAwMDAwLCJkZWxldGUiOjEyMDAwMDAwMDAwMDAsInVwZGF0ZSI6MTIwMDAwMDAwMDAwMH19",
          "dependencies": [
            "google_compute_region_network_endpoint_group.neg",
            "module.lb-http.google_compute_backend_service.default",
            "module.lb-http.google_compute_global_address.default",
            "module.lb-http.google_compute_managed_ssl_certificate.default",
            "module.lb-http.google_compute_ssl_certificate.default",
            "module.lb-http.google_compute_target_https_proxy.default",
            "module.lb-http.google_compute_url_map.default"
          ]
        }
      ]
    },
    {
      "module": "module.lb-http",
      "mode": "managed",
      "type": "google_compute_ssl_certificate",
      "name": "default",
      "provider": "provider[\"registry.terraform.io/hashicorp/google\"]",
      "instances": [
        {
          "index_key": 0,
          "schema_version": 0,
          "attributes": {
            "certificate": "-----BEGIN CERTIFICATE-----\nMIIDqjCCApICCQDWJcIXqnD8tjANBgkqhkiG9w0BAQsFADCBljELMAkGA1UEBhMC\nbmwxFTATBgNVBAgMDHp1aWQgaG9sbGFuZDEOMAwGA1UEBwwFZGVsZnQxDjAMBgNV\nBAoMBXNhc2hhMQ4wDAYDVQQLDAVzYXNoYTEYMBYGA1UEAwwPbGItYXBpZy1jci10\nZXN0MSYwJAYJKoZIhvcNAQkBFhdzZGtpc2VsZXYxODEyQGdtYWlsLmNvbTAeFw0y\nMjEwMjUwMTQ1NDVaFw0yMzEwMjUwMTQ1NDVaMIGWMQswCQYDVQQGEwJubDEVMBMG\nA1UECAwMenVpZCBob2xsYW5kMQ4wDAYDVQQHDAVkZWxmdDEOMAwGA1UECgwFc2Fz\naGExDjAMBgNVBAsMBXNhc2hhMRgwFgYDVQQDDA9sYi1hcGlnLWNyLXRlc3QxJjAk\nBgkqhkiG9w0BCQEWF3Nka2lzZWxldjE4MTJAZ21haWwuY29tMIIBIjANBgkqhkiG\n9w0BAQEFAAOCAQ8AMIIBCgKCAQEAn5QYFBsapoM2Ebd0XLzbT+SkNF2Qi+RQeA0K\n8kuQtDsPv5+b8J8Y2oO4cX7Mffwvk4Q9cfVyxvZur3F5O+y+iLp6YSyHuTgswVhe\nfVcppgyvi/TvBdO2G0k7uPn3YY9pVTwrgYCulh+Tc3XFZdiYokrPYLZa01kNp1EK\neU1A/Vdkgq2/2G+de+DwSwbJ6NBA+bCuVJmKzTqiIT0CUiwi9FbjZMRbaJyCzOPK\naZQv/2z1Y6bB7Ra46xskNKU4oeVgivWjnTftwJj2Dk6QN1IcCBLZTwhVuJ3CRK5U\nHUkTopNo5aPW8j02r+CGuZAODB5wSl2O4aPOWk/Kqd6jeCy85QIDAQABMA0GCSqG\nSIb3DQEBCwUAA4IBAQAGEQYQxEEUyJ2LijN77MwzKdfcyRmh1JFY44Z7CtiuUuWH\n1pR73axuK++I0K5BvyucrYsvKHy+sbh4Aj056GY5pZbxpB+x7s2qB/nIFqZNDi5I\n9ZEw1Gjo+Qs5UldLTJYLjReJOuo0gO0mjaB78ryt0+yFAWflJB9UZAuXUym/tKv/\nJ/IIfnCzIx0dO4dwhvboR+LcQtH3p46n7a55FoAE4q3Flcd1cOq+WyYq7JL6logn\nKaEC9mX/xC8bxmPkp6wZpsP1jeNGZW0mRsYYyA3z/7rQRNNEcILz0uQlp8VmlByD\npi8umTyfKrqOB41NE+WoeWhTq3VF02Zp/3KRutj8\n-----END CERTIFICATE-----\n",
            "certificate_id": 5336227526773211193,
            "creation_timestamp": "2022-10-24T18:41:42.611-07:00",
            "description": "",
            "id": "projects/lb-apig-cr-test/global/sslCertificates/my-lb-certificate-20221025014557538400000001",
            "name": "my-lb-certificate-20221025014557538400000001",
            "name_prefix": "my-lb-certificate-",
            "private_key": "-----BEGIN PRIVATE KEY-----\nMIIEvQIBADANBgkqhkiG9w0BAQEFAASCBKcwggSjAgEAAoIBAQCflBgUGxqmgzYR\nt3RcvNtP5KQ0XZCL5FB4DQryS5C0Ow+/n5vwnxjag7hxfsx9/C+ThD1x9XLG9m6v\ncXk77L6IunphLIe5OCzBWF59VymmDK+L9O8F07YbSTu4+fdhj2lVPCuBgK6WH5Nz\ndcVl2JiiSs9gtlrTWQ2nUQp5TUD9V2SCrb/Yb5174PBLBsno0ED5sK5UmYrNOqIh\nPQJSLCL0VuNkxFtonILM48pplC//bPVjpsHtFrjrGyQ0pTih5WCK9aOdN+3AmPYO\nTpA3UhwIEtlPCFW4ncJErlQdSROik2jlo9byPTav4Ia5kA4MHnBKXY7ho85aT8qp\n3qN4LLzlAgMBAAECggEANcmrHAvOvdV4Qhx+Akw99/3vQx9Oe3inju+Ggwjpa3aE\n5mgcHcziibTgVJESyFxahPSL6X98AohJ4qTy4jn4Nwnz+hESZmIC4+CvaLwac7fO\n6/PRJTupJCVZFg5bTe0S6gHwACSptDxMbRyDPsL1H67rm4ObtaVMrtroFt7tSvbD\nzt0h1ZfJqj/EbWxrtpzxjWJwFArt4Ndft7loEmzgmj3Xkua/MZ6DE/hNqTunXQYh\n1lAy9pkbkF3OycuzDQr/PoEaHZk3BO5qgwiuxuxP0zWkGJYkhnn8cZuZzgahLWhO\npzX8fKbGb4g1Uf/CjO6vSlzFE+vQjbTvbs4ZNSKWuQKBgQDKOwCogAZMK0kx3zgm\njDr2PKeg6QZ8daQAaJtJ07ipLoBrcwwmp9t9W8XmIvBLnHaeKJWjMPG4l3kNVtQf\nvlkVLtnHJZkWlTvC/sUVvCFDd5d6XI/RsLwRgml+jQavnlNZ6raSQecZA7UzifGL\ntOrUguQ7aAfdW4sH13uEQzOPRwKBgQDKAfIzGqWK3XmDEmZwtLic+Ec4x8+TD77c\nsj6pIQKKfomQ/az2s5G1AkmETTUeNSU4PJigYgcrX8khdp+ChnEadc8imHK5zSEV\nGRh9Ax3axZa0qAsyItTitkMgOVBgTsXu9DKkry+gw2LTfxtctwE3l5Zxqve+W2S4\nw//H/1GgcwKBgAyfsEPUchAxJ4mIcJ3fZRLX6HLf+Pqt8UXhQchTAhT1hSiv7tM+\n6TGjF/Bsv+lIZBMtX2HnfT9TnUfa4rT0keUDnq6Sx0KkoC1k7/KSYtUuUvNdcdDa\nInNJW8J9lSxDStqzDyCEIqPqGlaURtK8wWfwn8ShktQbkcs0hU5VT5OjAoGBAIAr\nh+7g41QeffCqBhFQuSnvZdEjBhM7FFCXT6aj6SbSbppuOgY1nSeKEfc9vYwzEDCE\nUhrA1+evWMBAsahxgOXXBdvfejtlaa4nRCBdj921LI/nZ2MiMoy+NA0IEHVqxa99\nhXx0IvYPwm6K4WOMQdtx9OSeI57GAjwxL+NHnhT9AoGAVdIO7YYq/XxbtBjI6vFF\n7CFUHGmI3pCx1y4wv8AEwQe+uLHmqjgSMUn4RSQjcfFzdRbSHniv5lkGsxNRql0e\nIyTsAH+ryR+vtYROKu/b06Ke9bPbPwHukvlF2zKrECkw8MazzCrZ+1OGl9mgOHv4\n4UYnC3RE9qdxuwzkLMQeUq8=\n-----END PRIVATE KEY-----\n",
            "project": "lb-apig-cr-test",
            "self_link": "https://www.googleapis.com/compute/v1/projects/lb-apig-cr-test/global/sslCertificates/my-lb-certificate-20221025014557538400000001",
            "timeouts": null
          },
          "sensitive_attributes": [],
          "private": "eyJlMmJmYjczMC1lY2FhLTExZTYtOGY4OC0zNDM2M2JjN2M0YzAiOnsiY3JlYXRlIjoxMjAwMDAwMDAwMDAwLCJkZWxldGUiOjEyMDAwMDAwMDAwMDB9fQ==",
          "create_before_destroy": true
        }
      ]
    },
    {
      "module": "module.lb-http",
      "mode": "managed",
      "type": "google_compute_target_http_proxy",
      "name": "default",
      "provider": "provider[\"registry.terraform.io/hashicorp/google\"]",
      "instances": [
        {
          "index_key": 0,
          "schema_version": 0,
          "attributes": {
            "creation_timestamp": "2022-10-24T18:33:42.818-07:00",
            "description": "",
            "id": "projects/lb-apig-cr-test/global/targetHttpProxies/my-lb-http-proxy",
            "name": "my-lb-http-proxy",
            "project": "lb-apig-cr-test",
            "proxy_bind": false,
            "proxy_id": 1989637405421503001,
            "self_link": "https://www.googleapis.com/compute/v1/projects/lb-apig-cr-test/global/targetHttpProxies/my-lb-http-proxy",
            "timeouts": null,
            "url_map": "https://www.googleapis.com/compute/v1/projects/lb-apig-cr-test/global/urlMaps/my-lb-https-redirect"
          },
          "sensitive_attributes": [],
          "private": "eyJlMmJmYjczMC1lY2FhLTExZTYtOGY4OC0zNDM2M2JjN2M0YzAiOnsiY3JlYXRlIjoxMjAwMDAwMDAwMDAwLCJkZWxldGUiOjEyMDAwMDAwMDAwMDAsInVwZGF0ZSI6MTIwMDAwMDAwMDAwMH19",
          "dependencies": [
            "google_compute_region_network_endpoint_group.neg",
            "module.lb-http.google_compute_backend_service.default",
            "module.lb-http.google_compute_url_map.default",
            "module.lb-http.google_compute_url_map.https_redirect"
          ]
        }
      ]
    },
    {
      "module": "module.lb-http",
      "mode": "managed",
      "type": "google_compute_target_https_proxy",
      "name": "default",
      "provider": "provider[\"registry.terraform.io/hashicorp/google\"]",
      "instances": [
        {
          "index_key": 0,
          "schema_version": 0,
          "attributes": {
            "certificate_map": "",
            "creation_timestamp": "2022-10-24T18:41:44.496-07:00",
            "description": "",
            "id": "projects/lb-apig-cr-test/global/targetHttpsProxies/my-lb-https-proxy",
            "name": "my-lb-https-proxy",
            "project": "lb-apig-cr-test",
            "proxy_bind": false,
            "proxy_id": 5748149838608498743,
            "quic_override": "NONE",
            "self_link": "https://www.googleapis.com/compute/v1/projects/lb-apig-cr-test/global/targetHttpsProxies/my-lb-https-proxy",
            "ssl_certificates": [
              "https://www.googleapis.com/compute/v1/projects/lb-apig-cr-test/global/sslCertificates/my-lb-certificate-20221025014557538400000001"
            ],
            "ssl_policy": "",
            "timeouts": null,
            "url_map": "https://www.googleapis.com/compute/v1/projects/lb-apig-cr-test/global/urlMaps/my-lb-url-map"
          },
          "sensitive_attributes": [],
          "private": "eyJlMmJmYjczMC1lY2FhLTExZTYtOGY4OC0zNDM2M2JjN2M0YzAiOnsiY3JlYXRlIjoxMjAwMDAwMDAwMDAwLCJkZWxldGUiOjEyMDAwMDAwMDAwMDAsInVwZGF0ZSI6MTIwMDAwMDAwMDAwMH19",
          "dependencies": [
            "google_compute_region_network_endpoint_group.neg",
            "module.lb-http.google_compute_backend_service.default",
            "module.lb-http.google_compute_managed_ssl_certificate.default",
            "module.lb-http.google_compute_ssl_certificate.default",
            "module.lb-http.google_compute_url_map.default"
          ]
        }
      ]
    },
    {
      "module": "module.lb-http",
      "mode": "managed",
      "type": "google_compute_url_map",
      "name": "default",
      "provider": "provider[\"registry.terraform.io/hashicorp/google\"]",
      "instances": [
        {
          "index_key": 0,
          "schema_version": 0,
          "attributes": {
            "creation_timestamp": "2022-10-24T18:33:31.109-07:00",
            "default_route_action": [],
            "default_service": "https://www.googleapis.com/compute/v1/projects/lb-apig-cr-test/global/backendServices/my-lb-backend-default",
            "default_url_redirect": [],
            "description": "",
            "fingerprint": "Pj_00PhLp60=",
            "header_action": [],
            "host_rule": [],
            "id": "projects/lb-apig-cr-test/global/urlMaps/my-lb-url-map",
            "map_id": 5532050332931752452,
            "name": "my-lb-url-map",
            "path_matcher": [],
            "project": "lb-apig-cr-test",
            "self_link": "https://www.googleapis.com/compute/v1/projects/lb-apig-cr-test/global/urlMaps/my-lb-url-map",
            "test": [],
            "timeouts": null
          },
          "sensitive_attributes": [],
          "private": "eyJlMmJmYjczMC1lY2FhLTExZTYtOGY4OC0zNDM2M2JjN2M0YzAiOnsiY3JlYXRlIjoxMjAwMDAwMDAwMDAwLCJkZWxldGUiOjEyMDAwMDAwMDAwMDAsInVwZGF0ZSI6MTIwMDAwMDAwMDAwMH19",
          "dependencies": [
            "google_compute_region_network_endpoint_group.neg",
            "module.lb-http.google_compute_backend_service.default"
          ]
        }
      ]
    },
    {
      "module": "module.lb-http",
      "mode": "managed",
      "type": "google_compute_url_map",
      "name": "https_redirect",
      "provider": "provider[\"registry.terraform.io/hashicorp/google\"]",
      "instances": [
        {
          "index_key": 0,
          "schema_version": 0,
          "attributes": {
            "creation_timestamp": "2022-10-24T18:33:07.852-07:00",
            "default_route_action": [],
            "default_service": "",
            "default_url_redirect": [
              {
                "host_redirect": "",
                "https_redirect": true,
                "path_redirect": "",
                "prefix_redirect": "",
                "redirect_response_code": "MOVED_PERMANENTLY_DEFAULT",
                "strip_query": false
              }
            ],
            "description": "",
            "fingerprint": "txId8P4X1SQ=",
            "header_action": [],
            "host_rule": [],
            "id": "projects/lb-apig-cr-test/global/urlMaps/my-lb-https-redirect",
            "map_id": 3544145524799734332,
            "name": "my-lb-https-redirect",
            "path_matcher": [],
            "project": "lb-apig-cr-test",
            "self_link": "https://www.googleapis.com/compute/v1/projects/lb-apig-cr-test/global/urlMaps/my-lb-https-redirect",
            "test": [],
            "timeouts": null
          },
          "sensitive_attributes": [],
          "private": "eyJlMmJmYjczMC1lY2FhLTExZTYtOGY4OC0zNDM2M2JjN2M0YzAiOnsiY3JlYXRlIjoxMjAwMDAwMDAwMDAwLCJkZWxldGUiOjEyMDAwMDAwMDAwMDAsInVwZGF0ZSI6MTIwMDAwMDAwMDAwMH19"
        }
      ]
    }
  ],
  "check_results": []
}
