{
  "version": 4,
  "terraform_version": "1.3.2",
  "serial": 8,
  "lineage": "114c6d14-7ce6-7152-6041-7a501806b56a",
  "outputs": {
    "service_url": {
      "value": "https://hello-vi5s7lyf2q-ew.a.run.app",
      "type": "string"
    }
  },
  "resources": [
    {
      "mode": "data",
      "type": "google_iam_policy",
      "name": "all_users_policy",
      "provider": "provider[\"registry.terraform.io/hashicorp/google\"]",
      "instances": [
        {
          "schema_version": 0,
          "attributes": {
            "audit_config": null,
            "binding": [
              {
                "condition": [],
                "members": [
                  "serviceAccount:apig-service-account@lb-apig-cr-test.iam.gserviceaccount.com"
                ],
                "role": "roles/run.invoker"
              }
            ],
            "id": "1370803906",
            "policy_data": "{\"bindings\":[{\"members\":[\"serviceAccount:apig-service-account@lb-apig-cr-test.iam.gserviceaccount.com\"],\"role\":\"roles/run.invoker\"}]}"
          },
          "sensitive_attributes": []
        }
      ]
    },
    {
      "mode": "managed",
      "type": "google_cloud_run_service",
      "name": "cloud_run",
      "provider": "provider[\"registry.terraform.io/hashicorp/google\"]",
      "instances": [
        {
          "schema_version": 1,
          "attributes": {
            "autogenerate_revision_name": false,
            "id": "locations/europe-west1/namespaces/lb-apig-cr-test/services/hello",
            "location": "europe-west1",
            "metadata": [
              {
                "annotations": {
                  "run.googleapis.com/ingress": "all",
                  "run.googleapis.com/ingress-status": "all",
                  "serving.knative.dev/creator": "sdkiselev1812@gmail.com",
                  "serving.knative.dev/lastModifier": "sdkiselev1812@gmail.com"
                },
                "generation": 1,
                "labels": {
                  "cloud.googleapis.com/location": "europe-west1"
                },
                "namespace": "lb-apig-cr-test",
                "resource_version": "AAXreMKC/VU",
                "self_link": "/apis/serving.knative.dev/v1/namespaces/642005700716/services/hello",
                "uid": "83089198-7832-4cce-8b79-cedd1b982bcb"
              }
            ],
            "name": "hello",
            "project": "lb-apig-cr-test",
            "status": [
              {
                "conditions": [
                  {
                    "message": "",
                    "reason": "",
                    "status": "True",
                    "type": "Ready"
                  },
                  {
                    "message": "",
                    "reason": "",
                    "status": "True",
                    "type": "ConfigurationsReady"
                  },
                  {
                    "message": "",
                    "reason": "",
                    "status": "True",
                    "type": "RoutesReady"
                  }
                ],
                "latest_created_revision_name": "hello-qvp68",
                "latest_ready_revision_name": "hello-qvp68",
                "observed_generation": 1,
                "url": "https://hello-vi5s7lyf2q-ew.a.run.app"
              }
            ],
            "template": [
              {
                "metadata": [
                  {
                    "annotations": {
                      "autoscaling.knative.dev/maxScale": "100"
                    },
                    "generation": 0,
                    "labels": {},
                    "name": "",
                    "namespace": "",
                    "resource_version": "",
                    "self_link": "",
                    "uid": ""
                  }
                ],
                "spec": [
                  {
                    "container_concurrency": 80,
                    "containers": [
                      {
                        "args": [],
                        "command": [],
                        "env": [],
                        "env_from": [],
                        "image": "europe-west4-docker.pkg.dev/lb-apig-cr-test/image/hello-app",
                        "ports": [
                          {
                            "container_port": 8080,
                            "name": "http1",
                            "protocol": ""
                          }
                        ],
                        "resources": [
                          {
                            "limits": {
                              "cpu": "1000m",
                              "memory": "512Mi"
                            },
                            "requests": {}
                          }
                        ],
                        "volume_mounts": [],
                        "working_dir": ""
                      }
                    ],
                    "service_account_name": "642005700716-compute@developer.gserviceaccount.com",
                    "serving_state": "",
                    "timeout_seconds": 300,
                    "volumes": []
                  }
                ]
              }
            ],
            "timeouts": null,
            "traffic": [
              {
                "latest_revision": true,
                "percent": 100,
                "revision_name": "",
                "tag": "",
                "url": ""
              }
            ]
          },
          "sensitive_attributes": [],
          "private": "eyJlMmJmYjczMC1lY2FhLTExZTYtOGY4OC0zNDM2M2JjN2M0YzAiOnsiY3JlYXRlIjoxMjAwMDAwMDAwMDAwLCJkZWxldGUiOjEyMDAwMDAwMDAwMDAsInVwZGF0ZSI6MTIwMDAwMDAwMDAwMH0sInNjaGVtYV92ZXJzaW9uIjoiMSJ9",
          "dependencies": [
            "google_project_service.cloud_run_api"
          ]
        }
      ]
    },
    {
      "mode": "managed",
      "type": "google_cloud_run_service_iam_policy",
      "name": "all_users_iam_policy",
      "provider": "provider[\"registry.terraform.io/hashicorp/google\"]",
      "instances": [
        {
          "schema_version": 0,
          "attributes": {
            "etag": "BwXrxMqrc5M=",
            "id": "v1/projects/lb-apig-cr-test/locations/europe-west1/services/hello",
            "location": "europe-west1",
            "policy_data": "{\"bindings\":[{\"members\":[\"serviceAccount:apig-service-account@lb-apig-cr-test.iam.gserviceaccount.com\"],\"role\":\"roles/run.invoker\"}]}",
            "project": "lb-apig-cr-test",
            "service": "v1/projects/lb-apig-cr-test/locations/europe-west1/services/hello"
          },
          "sensitive_attributes": [],
          "private": "bnVsbA==",
          "dependencies": [
            "data.google_iam_policy.all_users_policy",
            "google_cloud_run_service.cloud_run",
            "google_project_service.cloud_run_api"
          ]
        }
      ]
    },
    {
      "mode": "managed",
      "type": "google_project_service",
      "name": "cloud_run_api",
      "provider": "provider[\"registry.terraform.io/hashicorp/google\"]",
      "instances": [
        {
          "schema_version": 0,
          "attributes": {
            "disable_dependent_services": null,
            "disable_on_destroy": true,
            "id": "lb-apig-cr-test/run.googleapis.com",
            "project": "lb-apig-cr-test",
            "service": "run.googleapis.com",
            "timeouts": null
          },
          "sensitive_attributes": [],
          "private": "eyJlMmJmYjczMC1lY2FhLTExZTYtOGY4OC0zNDM2M2JjN2M0YzAiOnsiY3JlYXRlIjoxMjAwMDAwMDAwMDAwLCJkZWxldGUiOjEyMDAwMDAwMDAwMDAsInJlYWQiOjYwMDAwMDAwMDAwMCwidXBkYXRlIjoxMjAwMDAwMDAwMDAwfX0="
        }
      ]
    }
  ],
  "check_results": []
}
