{
  "version": 4,
  "terraform_version": "1.3.2",
  "serial": 17,
  "lineage": "1df75c68-0e00-5ce9-5eb4-a6bfe2c5b7d3",
  "outputs": {},
  "resources": [
    {
      "mode": "managed",
      "type": "google_api_gateway_api",
      "name": "api_gw",
      "provider": "provider[\"registry.terraform.io/hashicorp/google-beta\"]",
      "instances": [
        {
          "schema_version": 0,
          "attributes": {
            "api_id": "api-gw",
            "create_time": "2022-10-24T10:04:06.119474809Z",
            "display_name": "The API Gateway",
            "id": "projects/lb-apig-cr-test/locations/global/apis/api-gw",
            "labels": {},
            "managed_service": "api-gw-2am05ddtmbsg2.apigateway.lb-apig-cr-test.cloud.goog",
            "name": "projects/lb-apig-cr-test/locations/global/apis/api-gw",
            "project": "lb-apig-cr-test",
            "timeouts": null
          },
          "sensitive_attributes": [],
          "private": "eyJlMmJmYjczMC1lY2FhLTExZTYtOGY4OC0zNDM2M2JjN2M0YzAiOnsiY3JlYXRlIjoxMjAwMDAwMDAwMDAwLCJkZWxldGUiOjEyMDAwMDAwMDAwMDAsInVwZGF0ZSI6MTIwMDAwMDAwMDAwMH19"
        }
      ]
    },
    {
      "mode": "managed",
      "type": "google_api_gateway_api_config",
      "name": "api_cfg",
      "provider": "provider[\"registry.terraform.io/hashicorp/google-beta\"]",
      "instances": [
        {
          "schema_version": 0,
          "attributes": {
            "api": "api-gw",
            "api_config_id": "api20221024101143151900000001",
            "api_config_id_prefix": "api",
            "display_name": "The Config",
            "gateway_config": [
              {
                "backend_config": [
                  {
                    "google_service_account": "apig-service-account@lb-apig-cr-test.iam.gserviceaccount.com"
                  }
                ]
              }
            ],
            "grpc_services": [],
            "id": "projects/lb-apig-cr-test/locations/global/apis/api-gw/configs/api20221024101143151900000001",
            "labels": null,
            "managed_service_configs": [],
            "name": "projects/642005700716/locations/global/apis/api-gw/configs/api20221024101143151900000001",
            "openapi_documents": [
              {
                "document": [
                  {
                    "contents": "c3dhZ2dlcjogJzIuMCcKaW5mbzoKICB0aXRsZTogYXBpLWdhdGV3YXkKICBkZXNjcmlwdGlvbjogQVBJIEdhdGV3YXkKICB2ZXJzaW9uOiAxLjAuMApzY2hlbWVzOgogIC0gaHR0cHMKcHJvZHVjZXM6CiAgLSBhcHBsaWNhdGlvbi9qc29uCnBhdGhzOgogIC92MS9oZWxsbzoKICAgIGdldDoKICAgICAgc3VtbWFyeTogSGkgU2VydmljZQogICAgICBvcGVyYXRpb25JZDogaGVsbG8tdjEKICAgICAgeC1nb29nbGUtYmFja2VuZDoKICAgICAgICBhZGRyZXNzOiBodHRwczovL2hlbGxvLXZpNXM3bHlmMnEtZXcuYS5ydW4uYXBwIAogICAgICByZXNwb25zZXM6CiAgICAgICAgJzIwMCc6CiAgICAgICAgICBkZXNjcmlwdGlvbjogT0sK",
                    "path": "spec.yaml"
                  }
                ]
              }
            ],
            "project": "lb-apig-cr-test",
            "service_config_id": "api20221024101143151900000001-3s3gbk8orrmr4",
            "timeouts": null
          },
          "sensitive_attributes": [],
          "private": "eyJlMmJmYjczMC1lY2FhLTExZTYtOGY4OC0zNDM2M2JjN2M0YzAiOnsiY3JlYXRlIjoxMjAwMDAwMDAwMDAwLCJkZWxldGUiOjEyMDAwMDAwMDAwMDAsInVwZGF0ZSI6MTIwMDAwMDAwMDAwMH19",
          "dependencies": [
            "google_api_gateway_api.api_gw"
          ]
        }
      ]
    },
    {
      "mode": "managed",
      "type": "google_api_gateway_gateway",
      "name": "gw",
      "provider": "provider[\"registry.terraform.io/hashicorp/google-beta\"]",
      "instances": [
        {
          "schema_version": 0,
          "attributes": {
            "api_config": "projects/642005700716/locations/global/apis/api-gw/configs/api20221024101143151900000001",
            "default_hostname": "gw-86xlm92k.ew.gateway.dev",
            "display_name": "The Gateway",
            "gateway_id": "gw",
            "id": "projects/lb-apig-cr-test/locations/europe-west1/gateways/gw",
            "labels": null,
            "name": "projects/lb-apig-cr-test/locations/europe-west1/gateways/gw",
            "project": "lb-apig-cr-test",
            "region": "europe-west1",
            "timeouts": null
          },
          "sensitive_attributes": [],
          "private": "eyJlMmJmYjczMC1lY2FhLTExZTYtOGY4OC0zNDM2M2JjN2M0YzAiOnsiY3JlYXRlIjoxMjAwMDAwMDAwMDAwLCJkZWxldGUiOjEyMDAwMDAwMDAwMDAsInVwZGF0ZSI6MTIwMDAwMDAwMDAwMH19",
          "dependencies": [
            "google_api_gateway_api.api_gw",
            "google_api_gateway_api_config.api_cfg"
          ]
        }
      ]
    }
  ],
  "check_results": []
}
