{
  "version": 4,
  "terraform_version": "1.3.2",
  "serial": 13,
  "lineage": "1df75c68-0e00-5ce9-5eb4-a6bfe2c5b7d3",
  "outputs": {},
  "resources": [
    {
      "mode": "managed",
      "type": "google_api_gateway_api",
      "name": "api_gw",
      "provider": "provider[\"registry.terraform.io/hashicorp/google-beta\"]",
      "instances": [
        {
          "schema_version": 0,
          "attributes": {
            "api_id": "api-gw",
            "create_time": "2022-10-24T10:04:06.119474809Z",
            "display_name": "The API Gateway",
            "id": "projects/lb-apig-cr-test/locations/global/apis/api-gw",
            "labels": null,
            "managed_service": "api-gw-2am05ddtmbsg2.apigateway.lb-apig-cr-test.cloud.goog",
            "name": "projects/lb-apig-cr-test/locations/global/apis/api-gw",
            "project": "lb-apig-cr-test",
            "timeouts": null
          },
          "sensitive_attributes": [],
          "private": "eyJlMmJmYjczMC1lY2FhLTExZTYtOGY4OC0zNDM2M2JjN2M0YzAiOnsiY3JlYXRlIjoxMjAwMDAwMDAwMDAwLCJkZWxldGUiOjEyMDAwMDAwMDAwMDAsInVwZGF0ZSI6MTIwMDAwMDAwMDAwMH19"
        }
      ]
    },
    {
      "mode": "managed",
      "type": "google_api_gateway_gateway",
      "name": "gw",
      "provider": "provider[\"registry.terraform.io/hashicorp/google-beta\"]",
      "instances": []
    }
  ],
  "check_results": []
}
